// !$*UTF8*$!
{
	archiveVersion = 1;
	classes = {
	};
	objectVersion = 54;
	objects = {

/* Begin PBXBuildFile section */
		1F71F0FE254508D60000C6B8 /* AppDelegate.swift in Sources */ = {isa = PBXBuildFile; fileRef = 1F71F0FD254508D60000C6B8 /* AppDelegate.swift */; };
		1F71F101254508D60000C6B8 /* Main.storyboard in Resources */ = {isa = PBXBuildFile; fileRef = 1F71F0FF254508D60000C6B8 /* Main.storyboard */; };
		1F71F103254508D60000C6B8 /* ViewController.swift in Sources */ = {isa = PBXBuildFile; fileRef = 1F71F102254508D60000C6B8 /* ViewController.swift */; };
		1F71F105254508D60000C6B8 /* Assets.xcassets in Resources */ = {isa = PBXBuildFile; fileRef = 1F71F104254508D60000C6B8 /* Assets.xcassets */; };
		1F71F10C254508D70000C6B8 /* npmhub Extension.appex in Embed Foundation Extensions */ = {isa = PBXBuildFile; fileRef = 1F71F10B254508D70000C6B8 /* npmhub Extension.appex */; settings = {ATTRIBUTES = (RemoveHeadersOnCopy, ); }; };
		1F71F111254508D70000C6B8 /* Cocoa.framework in Frameworks */ = {isa = PBXBuildFile; fileRef = 1F71F110254508D70000C6B8 /* Cocoa.framework */; };
		1F71F114254508D70000C6B8 /* SafariWebExtensionHandler.swift in Sources */ = {isa = PBXBuildFile; fileRef = 1F71F113254508D70000C6B8 /* SafariWebExtensionHandler.swift */; };
		1F71F129254508D70000C6B8 /* npmhub.js in Resources */ = {isa = PBXBuildFile; fileRef = 1F71F121254508D70000C6B8 /* npmhub.js */; };
		1F71F12A254508D70000C6B8 /* background.js in Resources */ = {isa = PBXBuildFile; fileRef = 1F71F122254508D70000C6B8 /* background.js */; };
		1F71F12B254508D70000C6B8 /* icons in Resources */ = {isa = PBXBuildFile; fileRef = 1F71F123254508D70000C6B8 /* icons */; };
		1F71F12C254508D70000C6B8 /* manifest.json in Resources */ = {isa = PBXBuildFile; fileRef = 1F71F125254508D70000C6B8 /* manifest.json */; };
		1F71F12E254508D70000C6B8 /* npmhub.css in Resources */ = {isa = PBXBuildFile; fileRef = 1F71F127254508D70000C6B8 /* npmhub.css */; };
/* End PBXBuildFile section */

/* Begin PBXContainerItemProxy section */
		1F71F10D254508D70000C6B8 /* PBXContainerItemProxy */ = {
			isa = PBXContainerItemProxy;
			containerPortal = 1F71F0F1254508D60000C6B8 /* Project object */;
			proxyType = 1;
			remoteGlobalIDString = 1F71F10A254508D70000C6B8;
			remoteInfo = "npmhub Extension";
		};
/* End PBXContainerItemProxy section */

/* Begin PBXCopyFilesBuildPhase section */
		1F71F11C254508D70000C6B8 /* Embed Foundation Extensions */ = {
			isa = PBXCopyFilesBuildPhase;
			buildActionMask = 2147483647;
			dstPath = "";
			dstSubfolderSpec = 13;
			files = (
				1F71F10C254508D70000C6B8 /* npmhub Extension.appex in Embed Foundation Extensions */,
			);
			name = "Embed Foundation Extensions";
			runOnlyForDeploymentPostprocessing = 0;
		};
/* End PBXCopyFilesBuildPhase section */

/* Begin PBXFileReference section */
		1F71F0F9254508D60000C6B8 /* npmhub.app */ = {isa = PBXFileReference; explicitFileType = wrapper.application; includeInIndex = 0; path = npmhub.app; sourceTree = BUILT_PRODUCTS_DIR; };
		1F71F0FC254508D60000C6B8 /* npmhub.entitlements */ = {isa = PBXFileReference; lastKnownFileType = text.plist.entitlements; path = npmhub.entitlements; sourceTree = "<group>"; };
		1F71F0FD254508D60000C6B8 /* AppDelegate.swift */ = {isa = PBXFileReference; lastKnownFileType = sourcecode.swift; path = AppDelegate.swift; sourceTree = "<group>"; };
		1F71F100254508D60000C6B8 /* Base */ = {isa = PBXFileReference; lastKnownFileType = file.storyboard; name = Base; path = Base.lproj/Main.storyboard; sourceTree = "<group>"; };
		1F71F102254508D60000C6B8 /* ViewController.swift */ = {isa = PBXFileReference; lastKnownFileType = sourcecode.swift; path = ViewController.swift; sourceTree = "<group>"; };
		1F71F104254508D60000C6B8 /* Assets.xcassets */ = {isa = PBXFileReference; lastKnownFileType = folder.assetcatalog; path = Assets.xcassets; sourceTree = "<group>"; };
		1F71F106254508D60000C6B8 /* Info.plist */ = {isa = PBXFileReference; lastKnownFileType = text.plist.xml; path = Info.plist; sourceTree = "<group>"; };
		1F71F10B254508D70000C6B8 /* npmhub Extension.appex */ = {isa = PBXFileReference; explicitFileType = "wrapper.app-extension"; includeInIndex = 0; path = "npmhub Extension.appex"; sourceTree = BUILT_PRODUCTS_DIR; };
		1F71F110254508D70000C6B8 /* Cocoa.framework */ = {isa = PBXFileReference; lastKnownFileType = wrapper.framework; name = Cocoa.framework; path = System/Library/Frameworks/Cocoa.framework; sourceTree = SDKROOT; };
		1F71F113254508D70000C6B8 /* SafariWebExtensionHandler.swift */ = {isa = PBXFileReference; lastKnownFileType = sourcecode.swift; path = SafariWebExtensionHandler.swift; sourceTree = "<group>"; };
		1F71F115254508D70000C6B8 /* Info.plist */ = {isa = PBXFileReference; lastKnownFileType = text.plist.xml; path = Info.plist; sourceTree = "<group>"; };
		1F71F116254508D70000C6B8 /* npmhub_Extension.entitlements */ = {isa = PBXFileReference; lastKnownFileType = text.plist.entitlements; path = npmhub_Extension.entitlements; sourceTree = "<group>"; };
		1F71F121254508D70000C6B8 /* npmhub.js */ = {isa = PBXFileReference; lastKnownFileType = sourcecode.javascript; name = npmhub.js; path = ../../distribution/npmhub.js; sourceTree = "<group>"; };
		1F71F122254508D70000C6B8 /* background.js */ = {isa = PBXFileReference; lastKnownFileType = sourcecode.javascript; name = background.js; path = ../../distribution/background.js; sourceTree = "<group>"; };
		1F71F123254508D70000C6B8 /* icons */ = {isa = PBXFileReference; lastKnownFileType = folder; name = icons; path = ../../distribution/icons; sourceTree = "<group>"; };
		1F71F124254508D70000C6B8 /* npmhub.js.map */ = {isa = PBXFileReference; lastKnownFileType = "sourcecode.module-map"; name = npmhub.js.map; path = ../../distribution/npmhub.js.map; sourceTree = "<group>"; };
		1F71F125254508D70000C6B8 /* manifest.json */ = {isa = PBXFileReference; lastKnownFileType = text.json; name = manifest.json; path = ../../distribution/manifest.json; sourceTree = "<group>"; };
		1F71F127254508D70000C6B8 /* npmhub.css */ = {isa = PBXFileReference; lastKnownFileType = text.css; name = npmhub.css; path = ../../distribution/npmhub.css; sourceTree = "<group>"; };
		1F71F128254508D70000C6B8 /* background.js.map */ = {isa = PBXFileReference; lastKnownFileType = "sourcecode.module-map"; name = background.js.map; path = ../../distribution/background.js.map; sourceTree = "<group>"; };
		E3CBFDA7256ACBC600AAA778 /* Shared.xcconfig */ = {isa = PBXFileReference; lastKnownFileType = text.xcconfig; path = Shared.xcconfig; sourceTree = "<group>"; };
/* End PBXFileReference section */

/* Begin PBXFrameworksBuildPhase section */
		1F71F0F6254508D60000C6B8 /* Frameworks */ = {
			isa = PBXFrameworksBuildPhase;
			buildActionMask = 2147483647;
			files = (
			);
			runOnlyForDeploymentPostprocessing = 0;
		};
		1F71F108254508D70000C6B8 /* Frameworks */ = {
			isa = PBXFrameworksBuildPhase;
			buildActionMask = 2147483647;
			files = (
				1F71F111254508D70000C6B8 /* Cocoa.framework in Frameworks */,
			);
			runOnlyForDeploymentPostprocessing = 0;
		};
/* End PBXFrameworksBuildPhase section */

/* Begin PBXGroup section */
		1F71F0F0254508D60000C6B8 = {
			isa = PBXGroup;
			children = (
				E3CBFDA7256ACBC600AAA778 /* Shared.xcconfig */,
				1F71F0FB254508D60000C6B8 /* npmhub */,
				1F71F112254508D70000C6B8 /* npmhub Extension */,
				1F71F10F254508D70000C6B8 /* Frameworks */,
				1F71F0FA254508D60000C6B8 /* Products */,
			);
			sourceTree = "<group>";
		};
		1F71F0FA254508D60000C6B8 /* Products */ = {
			isa = PBXGroup;
			children = (
				1F71F0F9254508D60000C6B8 /* npmhub.app */,
				1F71F10B254508D70000C6B8 /* npmhub Extension.appex */,
			);
			name = Products;
			sourceTree = "<group>";
		};
		1F71F0FB254508D60000C6B8 /* npmhub */ = {
			isa = PBXGroup;
			children = (
				1F71F0FC254508D60000C6B8 /* npmhub.entitlements */,
				1F71F0FD254508D60000C6B8 /* AppDelegate.swift */,
				1F71F0FF254508D60000C6B8 /* Main.storyboard */,
				1F71F102254508D60000C6B8 /* ViewController.swift */,
				1F71F104254508D60000C6B8 /* Assets.xcassets */,
				1F71F106254508D60000C6B8 /* Info.plist */,
			);
			path = npmhub;
			sourceTree = "<group>";
		};
		1F71F10F254508D70000C6B8 /* Frameworks */ = {
			isa = PBXGroup;
			children = (
				1F71F110254508D70000C6B8 /* Cocoa.framework */,
			);
			name = Frameworks;
			sourceTree = "<group>";
		};
		1F71F112254508D70000C6B8 /* npmhub Extension */ = {
			isa = PBXGroup;
			children = (
				1F71F120254508D70000C6B8 /* Resources */,
				1F71F113254508D70000C6B8 /* SafariWebExtensionHandler.swift */,
				1F71F115254508D70000C6B8 /* Info.plist */,
				1F71F116254508D70000C6B8 /* npmhub_Extension.entitlements */,
			);
			path = "npmhub Extension";
			sourceTree = "<group>";
		};
		1F71F120254508D70000C6B8 /* Resources */ = {
			isa = PBXGroup;
			children = (
				1F71F121254508D70000C6B8 /* npmhub.js */,
				1F71F122254508D70000C6B8 /* background.js */,
				1F71F123254508D70000C6B8 /* icons */,
				1F71F124254508D70000C6B8 /* npmhub.js.map */,
				1F71F125254508D70000C6B8 /* manifest.json */,
				1F71F127254508D70000C6B8 /* npmhub.css */,
				1F71F128254508D70000C6B8 /* background.js.map */,
			);
			name = Resources;
			path = "npmhub Extension";
			sourceTree = SOURCE_ROOT;
		};
/* End PBXGroup section */

/* Begin PBXNativeTarget section */
		1F71F0F8254508D60000C6B8 /* npmhub */ = {
			isa = PBXNativeTarget;
			buildConfigurationList = 1F71F11D254508D70000C6B8 /* Build configuration list for PBXNativeTarget "npmhub" */;
			buildPhases = (
				1F71F0F5254508D60000C6B8 /* Sources */,
				1F71F0F6254508D60000C6B8 /* Frameworks */,
				1F71F0F7254508D60000C6B8 /* Resources */,
				1F71F11C254508D70000C6B8 /* Embed Foundation Extensions */,
			);
			buildRules = (
			);
			dependencies = (
				1F71F10E254508D70000C6B8 /* PBXTargetDependency */,
			);
			name = npmhub;
			productName = npmhub;
			productReference = 1F71F0F9254508D60000C6B8 /* npmhub.app */;
			productType = "com.apple.product-type.application";
		};
		1F71F10A254508D70000C6B8 /* npmhub Extension */ = {
			isa = PBXNativeTarget;
			buildConfigurationList = 1F71F119254508D70000C6B8 /* Build configuration list for PBXNativeTarget "npmhub Extension" */;
			buildPhases = (
				1F71F107254508D70000C6B8 /* Sources */,
				1F71F108254508D70000C6B8 /* Frameworks */,
				1F71F109254508D70000C6B8 /* Resources */,
			);
			buildRules = (
			);
			dependencies = (
			);
			name = "npmhub Extension";
			productName = "npmhub Extension";
			productReference = 1F71F10B254508D70000C6B8 /* npmhub Extension.appex */;
			productType = "com.apple.product-type.app-extension";
		};
/* End PBXNativeTarget section */

/* Begin PBXProject section */
		1F71F0F1254508D60000C6B8 /* Project object */ = {
			isa = PBXProject;
			attributes = {
				LastSwiftUpdateCheck = 1200;
				LastUpgradeCheck = 1420;
				TargetAttributes = {
					1F71F0F8254508D60000C6B8 = {
						CreatedOnToolsVersion = 12.0.1;
					};
					1F71F10A254508D70000C6B8 = {
						CreatedOnToolsVersion = 12.0.1;
					};
				};
			};
			buildConfigurationList = 1F71F0F4254508D60000C6B8 /* Build configuration list for PBXProject "npmhub" */;
			compatibilityVersion = "Xcode 12.0";
			developmentRegion = en;
			hasScannedForEncodings = 0;
			knownRegions = (
				en,
				Base,
			);
			mainGroup = 1F71F0F0254508D60000C6B8;
			productRefGroup = 1F71F0FA254508D60000C6B8 /* Products */;
			projectDirPath = "";
			projectRoot = "";
			targets = (
				1F71F0F8254508D60000C6B8 /* npmhub */,
				1F71F10A254508D70000C6B8 /* npmhub Extension */,
			);
		};
/* End PBXProject section */

/* Begin PBXResourcesBuildPhase section */
		1F71F0F7254508D60000C6B8 /* Resources */ = {
			isa = PBXResourcesBuildPhase;
			buildActionMask = 2147483647;
			files = (
				1F71F105254508D60000C6B8 /* Assets.xcassets in Resources */,
				1F71F101254508D60000C6B8 /* Main.storyboard in Resources */,
			);
			runOnlyForDeploymentPostprocessing = 0;
		};
		1F71F109254508D70000C6B8 /* Resources */ = {
			isa = PBXResourcesBuildPhase;
			buildActionMask = 2147483647;
			files = (
				1F71F12C254508D70000C6B8 /* manifest.json in Resources */,
				1F71F12B254508D70000C6B8 /* icons in Resources */,
				1F71F12A254508D70000C6B8 /* background.js in Resources */,
				1F71F129254508D70000C6B8 /* npmhub.js in Resources */,
				1F71F12E254508D70000C6B8 /* npmhub.css in Resources */,
			);
			runOnlyForDeploymentPostprocessing = 0;
		};
/* End PBXResourcesBuildPhase section */

/* Begin PBXSourcesBuildPhase section */
		1F71F0F5254508D60000C6B8 /* Sources */ = {
			isa = PBXSourcesBuildPhase;
			buildActionMask = 2147483647;
			files = (
				1F71F103254508D60000C6B8 /* ViewController.swift in Sources */,
				1F71F0FE254508D60000C6B8 /* AppDelegate.swift in Sources */,
			);
			runOnlyForDeploymentPostprocessing = 0;
		};
		1F71F107254508D70000C6B8 /* Sources */ = {
			isa = PBXSourcesBuildPhase;
			buildActionMask = 2147483647;
			files = (
				1F71F114254508D70000C6B8 /* SafariWebExtensionHandler.swift in Sources */,
			);
			runOnlyForDeploymentPostprocessing = 0;
		};
/* End PBXSourcesBuildPhase section */

/* Begin PBXTargetDependency section */
		1F71F10E254508D70000C6B8 /* PBXTargetDependency */ = {
			isa = PBXTargetDependency;
			target = 1F71F10A254508D70000C6B8 /* npmhub Extension */;
			targetProxy = 1F71F10D254508D70000C6B8 /* PBXContainerItemProxy */;
		};
/* End PBXTargetDependency section */

/* Begin PBXVariantGroup section */
		1F71F0FF254508D60000C6B8 /* Main.storyboard */ = {
			isa = PBXVariantGroup;
			children = (
				1F71F100254508D60000C6B8 /* Base */,
			);
			name = Main.storyboard;
			sourceTree = "<group>";
		};
/* End PBXVariantGroup section */

/* Begin XCBuildConfiguration section */
		1F71F117254508D70000C6B8 /* Debug */ = {
			isa = XCBuildConfiguration;
			baseConfigurationReference = E3CBFDA7256ACBC600AAA778 /* Shared.xcconfig */;
			buildSettings = {
				ALWAYS_SEARCH_USER_PATHS = NO;
				CLANG_ANALYZER_NONNULL = YES;
				CLANG_ANALYZER_NUMBER_OBJECT_CONVERSION = YES_AGGRESSIVE;
				CLANG_CXX_LANGUAGE_STANDARD = "gnu++14";
				CLANG_CXX_LIBRARY = "libc++";
				CLANG_ENABLE_MODULES = YES;
				CLANG_ENABLE_OBJC_ARC = YES;
				CLANG_ENABLE_OBJC_WEAK = YES;
				CLANG_WARN_BLOCK_CAPTURE_AUTORELEASING = YES;
				CLANG_WARN_BOOL_CONVERSION = YES;
				CLANG_WARN_COMMA = YES;
				CLANG_WARN_CONSTANT_CONVERSION = YES;
				CLANG_WARN_DEPRECATED_OBJC_IMPLEMENTATIONS = YES;
				CLANG_WARN_DIRECT_OBJC_ISA_USAGE = YES_ERROR;
				CLANG_WARN_DOCUMENTATION_COMMENTS = YES;
				CLANG_WARN_EMPTY_BODY = YES;
				CLANG_WARN_ENUM_CONVERSION = YES;
				CLANG_WARN_INFINITE_RECURSION = YES;
				CLANG_WARN_INT_CONVERSION = YES;
				CLANG_WARN_NON_LITERAL_NULL_CONVERSION = YES;
				CLANG_WARN_OBJC_IMPLICIT_RETAIN_SELF = YES;
				CLANG_WARN_OBJC_LITERAL_CONVERSION = YES;
				CLANG_WARN_OBJC_ROOT_CLASS = YES_ERROR;
				CLANG_WARN_QUOTED_INCLUDE_IN_FRAMEWORK_HEADER = YES;
				CLANG_WARN_RANGE_LOOP_ANALYSIS = YES;
				CLANG_WARN_STRICT_PROTOTYPES = YES;
				CLANG_WARN_SUSPICIOUS_MOVE = YES;
				CLANG_WARN_UNGUARDED_AVAILABILITY = YES_AGGRESSIVE;
				CLANG_WARN_UNREACHABLE_CODE = YES;
				CLANG_WARN__DUPLICATE_METHOD_MATCH = YES;
				COPY_PHASE_STRIP = NO;
				DEAD_CODE_STRIPPING = YES;
				DEBUG_INFORMATION_FORMAT = dwarf;
				ENABLE_STRICT_OBJC_MSGSEND = YES;
				ENABLE_TESTABILITY = YES;
				GCC_C_LANGUAGE_STANDARD = gnu11;
				GCC_DYNAMIC_NO_PIC = NO;
				GCC_NO_COMMON_BLOCKS = YES;
				GCC_OPTIMIZATION_LEVEL = 0;
				GCC_PREPROCESSOR_DEFINITIONS = (
					"DEBUG=1",
					"$(inherited)",
				);
				GCC_WARN_64_TO_32_BIT_CONVERSION = YES;
				GCC_WARN_ABOUT_RETURN_TYPE = YES_ERROR;
				GCC_WARN_UNDECLARED_SELECTOR = YES;
				GCC_WARN_UNINITIALIZED_AUTOS = YES_AGGRESSIVE;
				GCC_WARN_UNUSED_FUNCTION = YES;
				GCC_WARN_UNUSED_VARIABLE = YES;
				MACOSX_DEPLOYMENT_TARGET = 10.15;
				MTL_ENABLE_DEBUG_INFO = INCLUDE_SOURCE;
				MTL_FAST_MATH = YES;
				ONLY_ACTIVE_ARCH = YES;
				SDKROOT = macosx;
				SWIFT_ACTIVE_COMPILATION_CONDITIONS = DEBUG;
				SWIFT_OPTIMIZATION_LEVEL = "-Onone";
				SWIFT_VERSION = 5.0;
			};
			name = Debug;
		};
		1F71F118254508D70000C6B8 /* Release */ = {
			isa = XCBuildConfiguration;
			baseConfigurationReference = E3CBFDA7256ACBC600AAA778 /* Shared.xcconfig */;
			buildSettings = {
				ALWAYS_SEARCH_USER_PATHS = NO;
				CLANG_ANALYZER_NONNULL = YES;
				CLANG_ANALYZER_NUMBER_OBJECT_CONVERSION = YES_AGGRESSIVE;
				CLANG_CXX_LANGUAGE_STANDARD = "gnu++14";
				CLANG_CXX_LIBRARY = "libc++";
				CLANG_ENABLE_MODULES = YES;
				CLANG_ENABLE_OBJC_ARC = YES;
				CLANG_ENABLE_OBJC_WEAK = YES;
				CLANG_WARN_BLOCK_CAPTURE_AUTORELEASING = YES;
				CLANG_WARN_BOOL_CONVERSION = YES;
				CLANG_WARN_COMMA = YES;
				CLANG_WARN_CONSTANT_CONVERSION = YES;
				CLANG_WARN_DEPRECATED_OBJC_IMPLEMENTATIONS = YES;
				CLANG_WARN_DIRECT_OBJC_ISA_USAGE = YES_ERROR;
				CLANG_WARN_DOCUMENTATION_COMMENTS = YES;
				CLANG_WARN_EMPTY_BODY = YES;
				CLANG_WARN_ENUM_CONVERSION = YES;
				CLANG_WARN_INFINITE_RECURSION = YES;
				CLANG_WARN_INT_CONVERSION = YES;
				CLANG_WARN_NON_LITERAL_NULL_CONVERSION = YES;
				CLANG_WARN_OBJC_IMPLICIT_RETAIN_SELF = YES;
				CLANG_WARN_OBJC_LITERAL_CONVERSION = YES;
				CLANG_WARN_OBJC_ROOT_CLASS = YES_ERROR;
				CLANG_WARN_QUOTED_INCLUDE_IN_FRAMEWORK_HEADER = YES;
				CLANG_WARN_RANGE_LOOP_ANALYSIS = YES;
				CLANG_WARN_STRICT_PROTOTYPES = YES;
				CLANG_WARN_SUSPICIOUS_MOVE = YES;
				CLANG_WARN_UNGUARDED_AVAILABILITY = YES_AGGRESSIVE;
				CLANG_WARN_UNREACHABLE_CODE = YES;
				CLANG_WARN__DUPLICATE_METHOD_MATCH = YES;
				COPY_PHASE_STRIP = NO;
				DEAD_CODE_STRIPPING = YES;
				DEBUG_INFORMATION_FORMAT = "dwarf-with-dsym";
				ENABLE_NS_ASSERTIONS = NO;
				ENABLE_STRICT_OBJC_MSGSEND = YES;
				GCC_C_LANGUAGE_STANDARD = gnu11;
				GCC_NO_COMMON_BLOCKS = YES;
				GCC_WARN_64_TO_32_BIT_CONVERSION = YES;
				GCC_WARN_ABOUT_RETURN_TYPE = YES_ERROR;
				GCC_WARN_UNDECLARED_SELECTOR = YES;
				GCC_WARN_UNINITIALIZED_AUTOS = YES_AGGRESSIVE;
				GCC_WARN_UNUSED_FUNCTION = YES;
				GCC_WARN_UNUSED_VARIABLE = YES;
				MACOSX_DEPLOYMENT_TARGET = 10.15;
				MTL_ENABLE_DEBUG_INFO = NO;
				MTL_FAST_MATH = YES;
				SDKROOT = macosx;
				SWIFT_COMPILATION_MODE = wholemodule;
				SWIFT_OPTIMIZATION_LEVEL = "-O";
				SWIFT_VERSION = 5.0;
			};
			name = Release;
		};
		1F71F11A254508D70000C6B8 /* Debug */ = {
			isa = XCBuildConfiguration;
			buildSettings = {
				CODE_SIGN_ENTITLEMENTS = "npmhub Extension/npmhub_Extension.entitlements";
				CODE_SIGN_IDENTITY = "-";
				"CODE_SIGN_IDENTITY[sdk=macosx*]" = "Apple Development";
				CODE_SIGN_STYLE = Automatic;
				DEAD_CODE_STRIPPING = YES;
				INFOPLIST_FILE = "npmhub Extension/Info.plist";
				LD_RUNPATH_SEARCH_PATHS = (
					"$(inherited)",
					"@executable_path/../Frameworks",
					"@executable_path/../../../../Frameworks",
				);
				PRODUCT_BUNDLE_IDENTIFIER = org.npmhub.npmhub.Extension;
				PRODUCT_NAME = "$(TARGET_NAME)";
				SKIP_INSTALL = YES;
			};
			name = Debug;
		};
		1F71F11B254508D70000C6B8 /* Release */ = {
			isa = XCBuildConfiguration;
			buildSettings = {
				CODE_SIGN_ENTITLEMENTS = "npmhub Extension/npmhub_Extension.entitlements";
				CODE_SIGN_IDENTITY = "-";
				CODE_SIGN_STYLE = Automatic;
				DEAD_CODE_STRIPPING = YES;
				INFOPLIST_FILE = "npmhub Extension/Info.plist";
				LD_RUNPATH_SEARCH_PATHS = (
					"$(inherited)",
					"@executable_path/../Frameworks",
					"@executable_path/../../../../Frameworks",
				);
				PRODUCT_BUNDLE_IDENTIFIER = org.npmhub.npmhub.Extension;
				PRODUCT_NAME = "$(TARGET_NAME)";
				SKIP_INSTALL = YES;
			};
			name = Release;
		};
		1F71F11E254508D70000C6B8 /* Debug */ = {
			isa = XCBuildConfiguration;
			buildSettings = {
				ALWAYS_EMBED_SWIFT_STANDARD_LIBRARIES = YES;
				ASSETCATALOG_COMPILER_APPICON_NAME = AppIcon;
				ASSETCATALOG_COMPILER_GLOBAL_ACCENT_COLOR_NAME = AccentColor;
				CODE_SIGN_ENTITLEMENTS = npmhub/npmhub.entitlements;
				CODE_SIGN_IDENTITY = "-";
				"CODE_SIGN_IDENTITY[sdk=macosx*]" = "Apple Development";
				CODE_SIGN_STYLE = Automatic;
				COMBINE_HIDPI_IMAGES = YES;
				DEAD_CODE_STRIPPING = YES;
				INFOPLIST_FILE = npmhub/Info.plist;
				LD_RUNPATH_SEARCH_PATHS = (
					"$(inherited)",
					"@executable_path/../Frameworks",
				);
				PRODUCT_BUNDLE_IDENTIFIER = org.npmhub.npmhub;
				PRODUCT_NAME = "$(TARGET_NAME)";
			};
			name = Debug;
		};
		1F71F11F254508D70000C6B8 /* Release */ = {
			isa = XCBuildConfiguration;
			buildSettings = {
				ALWAYS_EMBED_SWIFT_STANDARD_LIBRARIES = YES;
				ASSETCATALOG_COMPILER_APPICON_NAME = AppIcon;
				ASSETCATALOG_COMPILER_GLOBAL_ACCENT_COLOR_NAME = AccentColor;
				CODE_SIGN_ENTITLEMENTS = npmhub/npmhub.entitlements;
				CODE_SIGN_IDENTITY = "-";
				CODE_SIGN_STYLE = Automatic;
				COMBINE_HIDPI_IMAGES = YES;
				DEAD_CODE_STRIPPING = YES;
				INFOPLIST_FILE = npmhub/Info.plist;
				LD_RUNPATH_SEARCH_PATHS = (
					"$(inherited)",
					"@executable_path/../Frameworks",
				);
				PRODUCT_BUNDLE_IDENTIFIER = org.npmhub.npmhub;
				PRODUCT_NAME = "$(TARGET_NAME)";
			};
			name = Release;
		};
/* End XCBuildConfiguration section */

/* Begin XCConfigurationList section */
		1F71F0F4254508D60000C6B8 /* Build configuration list for PBXProject "npmhub" */ = {
			isa = XCConfigurationList;
			buildConfigurations = (
				1F71F117254508D70000C6B8 /* Debug */,
				1F71F118254508D70000C6B8 /* Release */,
			);
			defaultConfigurationIsVisible = 0;
			defaultConfigurationName = Release;
		};
		1F71F119254508D70000C6B8 /* Build configuration list for PBXNativeTarget "npmhub Extension" */ = {
			isa = XCConfigurationList;
			buildConfigurations = (
				1F71F11A254508D70000C6B8 /* Debug */,
				1F71F11B254508D70000C6B8 /* Release */,
			);
			defaultConfigurationIsVisible = 0;
			defaultConfigurationName = Release;
		};
		1F71F11D254508D70000C6B8 /* Build configuration list for PBXNativeTarget "npmhub" */ = {
			isa = XCConfigurationList;
			buildConfigurations = (
				1F71F11E254508D70000C6B8 /* Debug */,
				1F71F11F254508D70000C6B8 /* Release */,
			);
			defaultConfigurationIsVisible = 0;
			defaultConfigurationName = Release;
		};
/* End XCConfigurationList section */
	};
	rootObject = 1F71F0F1254508D60000C6B8 /* Project object */;
}
